// !$*UTF8*$!
{
	archiveVersion = 1;
	classes = {
	};
	objectVersion = 46;
	objects = {

/* Begin PBXBuildFile section */
		473A4D8F1DFD6A1400207DF3 /* SwiftyJSON.framework in Frameworks */ = {isa = PBXBuildFile; fileRef = 473A4D8E1DFD6A1400207DF3 /* SwiftyJSON.framework */; };
		473E8FFA1DF7CAAC00022C72 /* AppDelegate.swift in Sources */ = {isa = PBXBuildFile; fileRef = 473E8FF91DF7CAAC00022C72 /* AppDelegate.swift */; };
		473E8FFC1DF7CAAC00022C72 /* ViewController.swift in Sources */ = {isa = PBXBuildFile; fileRef = 473E8FFB1DF7CAAC00022C72 /* ViewController.swift */; };
		473E8FFF1DF7CAAC00022C72 /* Main.storyboard in Resources */ = {isa = PBXBuildFile; fileRef = 473E8FFD1DF7CAAC00022C72 /* Main.storyboard */; };
		473E90041DF7CAAC00022C72 /* LaunchScreen.storyboard in Resources */ = {isa = PBXBuildFile; fileRef = 473E90021DF7CAAC00022C72 /* LaunchScreen.storyboard */; };
		473E900E1DF7D5B600022C72 /* Assets.xcassets in Resources */ = {isa = PBXBuildFile; fileRef = 473E900D1DF7D5B600022C72 /* Assets.xcassets */; };
		473E90101DF7E12500022C72 /* Gotham Rounded Book.otf in Resources */ = {isa = PBXBuildFile; fileRef = 473E900F1DF7E12500022C72 /* Gotham Rounded Book.otf */; };
		473E90121DF7E1E600022C72 /* Gotham Rounded Bold.otf in Resources */ = {isa = PBXBuildFile; fileRef = 473E90111DF7E1E600022C72 /* Gotham Rounded Bold.otf */; };
		473E90141DF7E86D00022C72 /* Gotham Rounded Medium.otf in Resources */ = {isa = PBXBuildFile; fileRef = 473E90131DF7E86D00022C72 /* Gotham Rounded Medium.otf */; };
		47EBAFE51DFDC541007B9645 /* NPSObject.swift in Sources */ = {isa = PBXBuildFile; fileRef = 47EBAFE41DFDC541007B9645 /* NPSObject.swift */; };
		E33792748D9261FEFCDD3681 /* Pods_KineduApp.framework in Frameworks */ = {isa = PBXBuildFile; fileRef = 4D5C3A8BDCC375A5FF5BF9BC /* Pods_KineduApp.framework */; };
/* End PBXBuildFile section */

/* Begin PBXFileReference section */
		473A4D8E1DFD6A1400207DF3 /* SwiftyJSON.framework */ = {isa = PBXFileReference; lastKnownFileType = wrapper.framework; name = SwiftyJSON.framework; path = "../../Library/Developer/Xcode/DerivedData/KineduApp-bdwrovkyctexnibvvtoejaiosyuo/Build/Products/Debug-iphonesimulator/SwiftyJSON/SwiftyJSON.framework"; sourceTree = "<group>"; };
		473E8FF61DF7CAAC00022C72 /* KineduApp.app */ = {isa = PBXFileReference; explicitFileType = wrapper.application; includeInIndex = 0; path = KineduApp.app; sourceTree = BUILT_PRODUCTS_DIR; };
		473E8FF91DF7CAAC00022C72 /* AppDelegate.swift */ = {isa = PBXFileReference; lastKnownFileType = sourcecode.swift; path = AppDelegate.swift; sourceTree = "<group>"; };
		473E8FFB1DF7CAAC00022C72 /* ViewController.swift */ = {isa = PBXFileReference; lastKnownFileType = sourcecode.swift; path = ViewController.swift; sourceTree = "<group>"; };
		473E8FFE1DF7CAAC00022C72 /* Base */ = {isa = PBXFileReference; lastKnownFileType = file.storyboard; name = Base; path = Base.lproj/Main.storyboard; sourceTree = "<group>"; };
		473E90031DF7CAAC00022C72 /* Base */ = {isa = PBXFileReference; lastKnownFileType = file.storyboard; name = Base; path = Base.lproj/LaunchScreen.storyboard; sourceTree = "<group>"; };
		473E90051DF7CAAC00022C72 /* Info.plist */ = {isa = PBXFileReference; lastKnownFileType = text.plist.xml; path = Info.plist; sourceTree = "<group>"; };
		473E900D1DF7D5B600022C72 /* Assets.xcassets */ = {isa = PBXFileReference; lastKnownFileType = folder.assetcatalog; path = Assets.xcassets; sourceTree = "<group>"; };
		473E900F1DF7E12500022C72 /* Gotham Rounded Book.otf */ = {isa = PBXFileReference; lastKnownFileType = file; path = "Gotham Rounded Book.otf"; sourceTree = "<group>"; };
		473E90111DF7E1E600022C72 /* Gotham Rounded Bold.otf */ = {isa = PBXFileReference; lastKnownFileType = file; path = "Gotham Rounded Bold.otf"; sourceTree = "<group>"; };
		473E90131DF7E86D00022C72 /* Gotham Rounded Medium.otf */ = {isa = PBXFileReference; lastKnownFileType = file; path = "Gotham Rounded Medium.otf"; sourceTree = "<group>"; };
		479D79461DFD07E9000E3351 /* M13ProgressSuite.framework */ = {isa = PBXFileReference; lastKnownFileType = wrapper.framework; name = M13ProgressSuite.framework; path = "../../Library/Developer/Xcode/DerivedData/KineduApp-bdwrovkyctexnibvvtoejaiosyuo/Build/Products/Debug-iphonesimulator/M13ProgressSuite/M13ProgressSuite.framework"; sourceTree = "<group>"; };
		47EBAFE41DFDC541007B9645 /* NPSObject.swift */ = {isa = PBXFileReference; fileEncoding = 4; lastKnownFileType = sourcecode.swift; path = NPSObject.swift; sourceTree = "<group>"; };
		4D5C3A8BDCC375A5FF5BF9BC /* Pods_KineduApp.framework */ = {isa = PBXFileReference; explicitFileType = wrapper.framework; includeInIndex = 0; path = Pods_KineduApp.framework; sourceTree = BUILT_PRODUCTS_DIR; };
		5B05D6B241A3B499603F9E39 /* Pods-KineduApp.debug.xcconfig */ = {isa = PBXFileReference; includeInIndex = 1; lastKnownFileType = text.xcconfig; name = "Pods-KineduApp.debug.xcconfig"; path = "Pods/Target Support Files/Pods-KineduApp/Pods-KineduApp.debug.xcconfig"; sourceTree = "<group>"; };
		ECEBF3116EC90226FE955701 /* Pods-KineduApp.release.xcconfig */ = {isa = PBXFileReference; includeInIndex = 1; lastKnownFileType = text.xcconfig; name = "Pods-KineduApp.release.xcconfig"; path = "Pods/Target Support Files/Pods-KineduApp/Pods-KineduApp.release.xcconfig"; sourceTree = "<group>"; };
/* End PBXFileReference section */

/* Begin PBXFrameworksBuildPhase section */
		473E8FF31DF7CAAB00022C72 /* Frameworks */ = {
			isa = PBXFrameworksBuildPhase;
			buildActionMask = 2147483647;
			files = (
				473A4D8F1DFD6A1400207DF3 /* SwiftyJSON.framework in Frameworks */,
				E33792748D9261FEFCDD3681 /* Pods_KineduApp.framework in Frameworks */,
			);
			runOnlyForDeploymentPostprocessing = 0;
		};
/* End PBXFrameworksBuildPhase section */

/* Begin PBXGroup section */
		4711EB39F2D3FAFD5B9E8BF6 /* Frameworks */ = {
			isa = PBXGroup;
			children = (
				473A4D8E1DFD6A1400207DF3 /* SwiftyJSON.framework */,
				479D79461DFD07E9000E3351 /* M13ProgressSuite.framework */,
				4D5C3A8BDCC375A5FF5BF9BC /* Pods_KineduApp.framework */,
			);
			name = Frameworks;
			sourceTree = "<group>";
		};
		473E8FED1DF7CAAB00022C72 = {
			isa = PBXGroup;
			children = (
				47EBAFE41DFDC541007B9645 /* NPSObject.swift */,
				473E8FF81DF7CAAC00022C72 /* KineduApp */,
				473E8FF71DF7CAAC00022C72 /* Products */,
				C2201943275D75E7F06F3DBE /* Pods */,
				4711EB39F2D3FAFD5B9E8BF6 /* Frameworks */,
			);
			sourceTree = "<group>";
		};
		473E8FF71DF7CAAC00022C72 /* Products */ = {
			isa = PBXGroup;
			children = (
				473E8FF61DF7CAAC00022C72 /* KineduApp.app */,
			);
			name = Products;
			sourceTree = "<group>";
		};
		473E8FF81DF7CAAC00022C72 /* KineduApp */ = {
			isa = PBXGroup;
			children = (
				473E900F1DF7E12500022C72 /* Gotham Rounded Book.otf */,
				473E90131DF7E86D00022C72 /* Gotham Rounded Medium.otf */,
				473E90111DF7E1E600022C72 /* Gotham Rounded Bold.otf */,
				473E8FF91DF7CAAC00022C72 /* AppDelegate.swift */,
				473E8FFB1DF7CAAC00022C72 /* ViewController.swift */,
				473E8FFD1DF7CAAC00022C72 /* Main.storyboard */,
				473E90021DF7CAAC00022C72 /* LaunchScreen.storyboard */,
				473E90051DF7CAAC00022C72 /* Info.plist */,
				473E900D1DF7D5B600022C72 /* Assets.xcassets */,
			);
			path = KineduApp;
			sourceTree = "<group>";
		};
		C2201943275D75E7F06F3DBE /* Pods */ = {
			isa = PBXGroup;
			children = (
				5B05D6B241A3B499603F9E39 /* Pods-KineduApp.debug.xcconfig */,
				ECEBF3116EC90226FE955701 /* Pods-KineduApp.release.xcconfig */,
			);
			name = Pods;
			sourceTree = "<group>";
		};
/* End PBXGroup section */

/* Begin PBXNativeTarget section */
		473E8FF51DF7CAAB00022C72 /* KineduApp */ = {
			isa = PBXNativeTarget;
			buildConfigurationList = 473E90081DF7CAAC00022C72 /* Build configuration list for PBXNativeTarget "KineduApp" */;
			buildPhases = (
				BBC90A64B8B07E5C051A7744 /* [CP] Check Pods Manifest.lock */,
				473E8FF21DF7CAAB00022C72 /* Sources */,
				473E8FF31DF7CAAB00022C72 /* Frameworks */,
				473E8FF41DF7CAAB00022C72 /* Resources */,
				C46FB052EF850398EC7436BB /* [CP] Embed Pods Frameworks */,
				7D31FC39A5F054D3239CE824 /* [CP] Copy Pods Resources */,
			);
			buildRules = (
			);
			dependencies = (
			);
			name = KineduApp;
			productName = KineduApp;
			productReference = 473E8FF61DF7CAAC00022C72 /* KineduApp.app */;
			productType = "com.apple.product-type.application";
		};
/* End PBXNativeTarget section */

/* Begin PBXProject section */
		473E8FEE1DF7CAAB00022C72 /* Project object */ = {
			isa = PBXProject;
			attributes = {
				LastSwiftUpdateCheck = 0810;
				LastUpgradeCheck = 0810;
				ORGANIZATIONNAME = HoracioGarza;
				TargetAttributes = {
					473E8FF51DF7CAAB00022C72 = {
						CreatedOnToolsVersion = 8.1;
						DevelopmentTeam = SYGB8AL676;
						LastSwiftMigration = 0810;
						ProvisioningStyle = Automatic;
					};
				};
			};
			buildConfigurationList = 473E8FF11DF7CAAB00022C72 /* Build configuration list for PBXProject "KineduApp" */;
			compatibilityVersion = "Xcode 3.2";
			developmentRegion = English;
			hasScannedForEncodings = 0;
			knownRegions = (
				en,
				Base,
			);
			mainGroup = 473E8FED1DF7CAAB00022C72;
			productRefGroup = 473E8FF71DF7CAAC00022C72 /* Products */;
			projectDirPath = "";
			projectRoot = "";
			targets = (
				473E8FF51DF7CAAB00022C72 /* KineduApp */,
			);
		};
/* End PBXProject section */

/* Begin PBXResourcesBuildPhase section */
		473E8FF41DF7CAAB00022C72 /* Resources */ = {
			isa = PBXResourcesBuildPhase;
			buildActionMask = 2147483647;
			files = (
				473E90041DF7CAAC00022C72 /* LaunchScreen.storyboard in Resources */,
				473E900E1DF7D5B600022C72 /* Assets.xcassets in Resources */,
				473E90101DF7E12500022C72 /* Gotham Rounded Book.otf in Resources */,
				473E8FFF1DF7CAAC00022C72 /* Main.storyboard in Resources */,
				473E90141DF7E86D00022C72 /* Gotham Rounded Medium.otf in Resources */,
				473E90121DF7E1E600022C72 /* Gotham Rounded Bold.otf in Resources */,
			);
			runOnlyForDeploymentPostprocessing = 0;
		};
/* End PBXResourcesBuildPhase section */

/* Begin PBXShellScriptBuildPhase section */
		7D31FC39A5F054D3239CE824 /* [CP] Copy Pods Resources */ = {
			isa = PBXShellScriptBuildPhase;
			buildActionMask = 2147483647;
			files = (
			);
			inputPaths = (
			);
			name = "[CP] Copy Pods Resources";
			outputPaths = (
			);
			runOnlyForDeploymentPostprocessing = 0;
			shellPath = /bin/sh;
			shellScript = "\"${SRCROOT}/Pods/Target Support Files/Pods-KineduApp/Pods-KineduApp-resources.sh\"\n";
			showEnvVarsInLog = 0;
		};
		BBC90A64B8B07E5C051A7744 /* [CP] Check Pods Manifest.lock */ = {
			isa = PBXShellScriptBuildPhase;
			buildActionMask = 2147483647;
			files = (
			);
			inputPaths = (
			);
			name = "[CP] Check Pods Manifest.lock";
			outputPaths = (
			);
			runOnlyForDeploymentPostprocessing = 0;
			shellPath = /bin/sh;
			shellScript = "diff \"${PODS_ROOT}/../Podfile.lock\" \"${PODS_ROOT}/Manifest.lock\" > /dev/null\nif [[ $? != 0 ]] ; then\n    cat << EOM\nerror: The sandbox is not in sync with the Podfile.lock. Run 'pod install' or update your CocoaPods installation.\nEOM\n    exit 1\nfi\n";
			showEnvVarsInLog = 0;
		};
		C46FB052EF850398EC7436BB /* [CP] Embed Pods Frameworks */ = {
			isa = PBXShellScriptBuildPhase;
			buildActionMask = 2147483647;
			files = (
			);
			inputPaths = (
			);
			name = "[CP] Embed Pods Frameworks";
			outputPaths = (
			);
			runOnlyForDeploymentPostprocessing = 0;
			shellPath = /bin/sh;
			shellScript = "\"${SRCROOT}/Pods/Target Support Files/Pods-KineduApp/Pods-KineduApp-frameworks.sh\"\n";
			showEnvVarsInLog = 0;
		};
/* End PBXShellScriptBuildPhase section */

/* Begin PBXSourcesBuildPhase section */
		473E8FF21DF7CAAB00022C72 /* Sources */ = {
			isa = PBXSourcesBuildPhase;
			buildActionMask = 2147483647;
			files = (
				47EBAFE51DFDC541007B9645 /* NPSObject.swift in Sources */,
				473E8FFC1DF7CAAC00022C72 /* ViewController.swift in Sources */,
				473E8FFA1DF7CAAC00022C72 /* AppDelegate.swift in Sources */,
			);
			runOnlyForDeploymentPostprocessing = 0;
		};
/* End PBXSourcesBuildPhase section */

/* Begin PBXVariantGroup section */
		473E8FFD1DF7CAAC00022C72 /* Main.storyboard */ = {
			isa = PBXVariantGroup;
			children = (
				473E8FFE1DF7CAAC00022C72 /* Base */,
			);
			name = Main.storyboard;
			sourceTree = "<group>";
		};
		473E90021DF7CAAC00022C72 /* LaunchScreen.storyboard */ = {
			isa = PBXVariantGroup;
			children = (
				473E90031DF7CAAC00022C72 /* Base */,
			);
			name = LaunchScreen.storyboard;
			sourceTree = "<group>";
		};
/* End PBXVariantGroup section */

/* Begin XCBuildConfiguration section */
		473E90061DF7CAAC00022C72 /* Debug */ = {
			isa = XCBuildConfiguration;
			buildSettings = {
				ALWAYS_SEARCH_USER_PATHS = NO;
				CLANG_ANALYZER_NONNULL = YES;
				CLANG_CXX_LANGUAGE_STANDARD = "gnu++0x";
				CLANG_CXX_LIBRARY = "libc++";
				CLANG_ENABLE_MODULES = YES;
				CLANG_ENABLE_OBJC_ARC = YES;
				CLANG_WARN_BOOL_CONVERSION = YES;
				CLANG_WARN_CONSTANT_CONVERSION = YES;
				CLANG_WARN_DIRECT_OBJC_ISA_USAGE = YES_ERROR;
				CLANG_WARN_DOCUMENTATION_COMMENTS = YES;
				CLANG_WARN_EMPTY_BODY = YES;
				CLANG_WARN_ENUM_CONVERSION = YES;
				CLANG_WARN_INFINITE_RECURSION = YES;
				CLANG_WARN_INT_CONVERSION = YES;
				CLANG_WARN_OBJC_ROOT_CLASS = YES_ERROR;
				CLANG_WARN_SUSPICIOUS_MOVES = YES;
				CLANG_WARN_UNREACHABLE_CODE = YES;
				CLANG_WARN__DUPLICATE_METHOD_MATCH = YES;
				"CODE_SIGN_IDENTITY[sdk=iphoneos*]" = "iPhone Developer";
				COPY_PHASE_STRIP = NO;
				DEBUG_INFORMATION_FORMAT = dwarf;
				ENABLE_STRICT_OBJC_MSGSEND = YES;
				ENABLE_TESTABILITY = YES;
				GCC_C_LANGUAGE_STANDARD = gnu99;
				GCC_DYNAMIC_NO_PIC = NO;
				GCC_NO_COMMON_BLOCKS = YES;
				GCC_OPTIMIZATION_LEVEL = 0;
				GCC_PREPROCESSOR_DEFINITIONS = (
					"DEBUG=1",
					"$(inherited)",
				);
				GCC_WARN_64_TO_32_BIT_CONVERSION = YES;
				GCC_WARN_ABOUT_RETURN_TYPE = YES_ERROR;
				GCC_WARN_UNDECLARED_SELECTOR = YES;
				GCC_WARN_UNINITIALIZED_AUTOS = YES_AGGRESSIVE;
				GCC_WARN_UNUSED_FUNCTION = YES;
				GCC_WARN_UNUSED_VARIABLE = YES;
				IPHONEOS_DEPLOYMENT_TARGET = 10.1;
				MTL_ENABLE_DEBUG_INFO = YES;
				ONLY_ACTIVE_ARCH = YES;
				SDKROOT = iphoneos;
				SWIFT_ACTIVE_COMPILATION_CONDITIONS = DEBUG;
				SWIFT_OPTIMIZATION_LEVEL = "-Onone";
			};
			name = Debug;
		};
		473E90071DF7CAAC00022C72 /* Release */ = {
			isa = XCBuildConfiguration;
			buildSettings = {
				ALWAYS_SEARCH_USER_PATHS = NO;
				CLANG_ANALYZER_NONNULL = YES;
				CLANG_CXX_LANGUAGE_STANDARD = "gnu++0x";
				CLANG_CXX_LIBRARY = "libc++";
				CLANG_ENABLE_MODULES = YES;
				CLANG_ENABLE_OBJC_ARC = YES;
				CLANG_WARN_BOOL_CONVERSION = YES;
				CLANG_WARN_CONSTANT_CONVERSION = YES;
				CLANG_WARN_DIRECT_OBJC_ISA_USAGE = YES_ERROR;
				CLANG_WARN_DOCUMENTATION_COMMENTS = YES;
				CLANG_WARN_EMPTY_BODY = YES;
				CLANG_WARN_ENUM_CONVERSION = YES;
				CLANG_WARN_INFINITE_RECURSION = YES;
				CLANG_WARN_INT_CONVERSION = YES;
				CLANG_WARN_OBJC_ROOT_CLASS = YES_ERROR;
				CLANG_WARN_SUSPICIOUS_MOVES = YES;
				CLANG_WARN_UNREACHABLE_CODE = YES;
				CLANG_WARN__DUPLICATE_METHOD_MATCH = YES;
				"CODE_SIGN_IDENTITY[sdk=iphoneos*]" = "iPhone Developer";
				COPY_PHASE_STRIP = NO;
				DEBUG_INFORMATION_FORMAT = "dwarf-with-dsym";
				ENABLE_NS_ASSERTIONS = NO;
				ENABLE_STRICT_OBJC_MSGSEND = YES;
				GCC_C_LANGUAGE_STANDARD = gnu99;
				GCC_NO_COMMON_BLOCKS = YES;
				GCC_WARN_64_TO_32_BIT_CONVERSION = YES;
				GCC_WARN_ABOUT_RETURN_TYPE = YES_ERROR;
				GCC_WARN_UNDECLARED_SELECTOR = YES;
				GCC_WARN_UNINITIALIZED_AUTOS = YES_AGGRESSIVE;
				GCC_WARN_UNUSED_FUNCTION = YES;
				GCC_WARN_UNUSED_VARIABLE = YES;
				IPHONEOS_DEPLOYMENT_TARGET = 10.1;
				MTL_ENABLE_DEBUG_INFO = NO;
				SDKROOT = iphoneos;
				SWIFT_OPTIMIZATION_LEVEL = "-Owholemodule";
				VALIDATE_PRODUCT = YES;
			};
			name = Release;
		};
		473E90091DF7CAAC00022C72 /* Debug */ = {
			isa = XCBuildConfiguration;
			baseConfigurationReference = 5B05D6B241A3B499603F9E39 /* Pods-KineduApp.debug.xcconfig */;
			buildSettings = {
				ASSETCATALOG_COMPILER_APPICON_NAME = AppIcon;
				DEVELOPMENT_TEAM = SYGB8AL676;
				INFOPLIST_FILE = KineduApp/Info.plist;
				LD_RUNPATH_SEARCH_PATHS = "$(inherited) @executable_path/Frameworks";
				PRODUCT_BUNDLE_IDENTIFIER = com.HoracioGarza.KineduApp;
				PRODUCT_NAME = "$(TARGET_NAME)";
				SWIFT_VERSION = 3.0;
			};
			name = Debug;
		};
		473E900A1DF7CAAC00022C72 /* Release */ = {
			isa = XCBuildConfiguration;
			baseConfigurationReference = ECEBF3116EC90226FE955701 /* Pods-KineduApp.release.xcconfig */;
			buildSettings = {
				ASSETCATALOG_COMPILER_APPICON_NAME = AppIcon;
				DEVELOPMENT_TEAM = SYGB8AL676;
				INFOPLIST_FILE = KineduApp/Info.plist;
				LD_RUNPATH_SEARCH_PATHS = "$(inherited) @executable_path/Frameworks";
				PRODUCT_BUNDLE_IDENTIFIER = com.HoracioGarza.KineduApp;
				PRODUCT_NAME = "$(TARGET_NAME)";
				SWIFT_VERSION = 3.0;
			};
			name = Release;
		};
/* End XCBuildConfiguration section */

/* Begin XCConfigurationList section */
		473E8FF11DF7CAAB00022C72 /* Build configuration list for PBXProject "KineduApp" */ = {
			isa = XCConfigurationList;
			buildConfigurations = (
				473E90061DF7CAAC00022C72 /* Debug */,
				473E90071DF7CAAC00022C72 /* Release */,
			);
			defaultConfigurationIsVisible = 0;
			defaultConfigurationName = Release;
		};
		473E90081DF7CAAC00022C72 /* Build configuration list for PBXNativeTarget "KineduApp" */ = {
			isa = XCConfigurationList;
			buildConfigurations = (
				473E90091DF7CAAC00022C72 /* Debug */,
				473E900A1DF7CAAC00022C72 /* Release */,
			);
			defaultConfigurationIsVisible = 0;
			defaultConfigurationName = Release;
		};
/* End XCConfigurationList section */
	};
	rootObject = 473E8FEE1DF7CAAB00022C72 /* Project object */;
}
